
Microsoft Visual Studio Solution File, Format Version 12.00
# Visual Studio Version 17
VisualStudioVersion = 17.11.35312.102
MinimumVisualStudioVersion = 10.0.40219.1
Project("{FAE04EC0-301F-11D3-BF4B-00C04F79EFBC}") = "WpfApp2", "WpfApp2.csproj", "{F4947B99-2596-4DD9-B172-F10CB0B4DBC3}"
EndProject
Global
	GlobalSection(SolutionConfigurationPlatforms) = preSolution
		Debug|Any CPU = Debug|Any CPU
		Release|Any CPU = Release|Any CPU
	EndGlobalSection
	GlobalSection(ProjectConfigurationPlatforms) = postSolution
		{F4947B99-2596-4DD9-B172-F10CB0B4DBC3}.Debug|Any CPU.ActiveCfg = Debug|Any CPU
		{F4947B99-2596-4DD9-B172-F10CB0B4DBC3}.Debug|Any CPU.Build.0 = Debug|Any CPU
		{F4947B99-2596-4DD9-B172-F10CB0B4DBC3}.Release|Any CPU.ActiveCfg = Release|Any CPU
		{F4947B99-2596-4DD9-B172-F10CB0B4DBC3}.Release|Any CPU.Build.0 = Release|Any CPU
	EndGlobalSection
	GlobalSection(SolutionProperties) = preSolution
		HideSolutionNode = FALSE
	EndGlobalSection
	GlobalSection(ExtensibilityGlobals) = postSolution
		SolutionGuid = {F15DB73F-B9F4-46C9-9A65-BC148FCFD07D}
	EndGlobalSection
EndGlobal
