
Microsoft Visual Studio Solution File, Format Version 12.00
# Visual Studio Version 17
VisualStudioVersion = 17.11.35312.102
MinimumVisualStudioVersion = 10.0.40219.1
Project("{FAE04EC0-301F-11D3-BF4B-00C04F79EFBC}") = "WPF_TreeView", "WPF_TreeView.csproj", "{F8AE20D4-BAB8-4E1A-81DC-39BCB94269C9}"
EndProject
Global
	GlobalSection(SolutionConfigurationPlatforms) = preSolution
		Debug|Any CPU = Debug|Any CPU
		Release|Any CPU = Release|Any CPU
	EndGlobalSection
	GlobalSection(ProjectConfigurationPlatforms) = postSolution
		{F8AE20D4-BAB8-4E1A-81DC-39BCB94269C9}.Debug|Any CPU.ActiveCfg = Debug|Any CPU
		{F8AE20D4-BAB8-4E1A-81DC-39BCB94269C9}.Debug|Any CPU.Build.0 = Debug|Any CPU
		{F8AE20D4-BAB8-4E1A-81DC-39BCB94269C9}.Release|Any CPU.ActiveCfg = Release|Any CPU
		{F8AE20D4-BAB8-4E1A-81DC-39BCB94269C9}.Release|Any CPU.Build.0 = Release|Any CPU
	EndGlobalSection
	GlobalSection(SolutionProperties) = preSolution
		HideSolutionNode = FALSE
	EndGlobalSection
	GlobalSection(ExtensibilityGlobals) = postSolution
		SolutionGuid = {5929F94E-7D59-4DD0-BA28-3D5F9CCB1912}
	EndGlobalSection
EndGlobal
