
Microsoft Visual Studio Solution File, Format Version 12.00
# Visual Studio Version 17
VisualStudioVersion = 17.11.35312.102
MinimumVisualStudioVersion = 10.0.40219.1
Project("{FAE04EC0-301F-11D3-BF4B-00C04F79EFBC}") = "WPF_SCROLL_VIEWER", "WPF_SCROLL_VIEWER.csproj", "{54F511EB-E16C-4320-B6DC-11C237A125FE}"
EndProject
Global
	GlobalSection(SolutionConfigurationPlatforms) = preSolution
		Debug|Any CPU = Debug|Any CPU
		Release|Any CPU = Release|Any CPU
	EndGlobalSection
	GlobalSection(ProjectConfigurationPlatforms) = postSolution
		{54F511EB-E16C-4320-B6DC-11C237A125FE}.Debug|Any CPU.ActiveCfg = Debug|Any CPU
		{54F511EB-E16C-4320-B6DC-11C237A125FE}.Debug|Any CPU.Build.0 = Debug|Any CPU
		{54F511EB-E16C-4320-B6DC-11C237A125FE}.Release|Any CPU.ActiveCfg = Release|Any CPU
		{54F511EB-E16C-4320-B6DC-11C237A125FE}.Release|Any CPU.Build.0 = Release|Any CPU
	EndGlobalSection
	GlobalSection(SolutionProperties) = preSolution
		HideSolutionNode = FALSE
	EndGlobalSection
	GlobalSection(ExtensibilityGlobals) = postSolution
		SolutionGuid = {EB62AA95-ABB2-4862-B95A-35B63C6605E2}
	EndGlobalSection
EndGlobal
