
Microsoft Visual Studio Solution File, Format Version 12.00
# Visual Studio Version 17
VisualStudioVersion = 17.11.35312.102
MinimumVisualStudioVersion = 10.0.40219.1
Project("{FAE04EC0-301F-11D3-BF4B-00C04F79EFBC}") = "WF_Controles2", "WF_Controles2.csproj", "{3DB4C393-9E1A-4B3B-B625-8DF8ADEBA4FD}"
EndProject
Global
	GlobalSection(SolutionConfigurationPlatforms) = preSolution
		Debug|Any CPU = Debug|Any CPU
		Release|Any CPU = Release|Any CPU
	EndGlobalSection
	GlobalSection(ProjectConfigurationPlatforms) = postSolution
		{3DB4C393-9E1A-4B3B-B625-8DF8ADEBA4FD}.Debug|Any CPU.ActiveCfg = Debug|Any CPU
		{3DB4C393-9E1A-4B3B-B625-8DF8ADEBA4FD}.Debug|Any CPU.Build.0 = Debug|Any CPU
		{3DB4C393-9E1A-4B3B-B625-8DF8ADEBA4FD}.Release|Any CPU.ActiveCfg = Release|Any CPU
		{3DB4C393-9E1A-4B3B-B625-8DF8ADEBA4FD}.Release|Any CPU.Build.0 = Release|Any CPU
	EndGlobalSection
	GlobalSection(SolutionProperties) = preSolution
		HideSolutionNode = FALSE
	EndGlobalSection
	GlobalSection(ExtensibilityGlobals) = postSolution
		SolutionGuid = {26F5A446-FEF2-4972-9C9D-CC23B23602D1}
	EndGlobalSection
EndGlobal
