
Microsoft Visual Studio Solution File, Format Version 12.00
# Visual Studio Version 17
VisualStudioVersion = 17.11.35312.102
MinimumVisualStudioVersion = 10.0.40219.1
Project("{FAE04EC0-301F-11D3-BF4B-00C04F79EFBC}") = "WF_BBDD_Estudiantes", "WF_BBDD_Estudiantes.csproj", "{1009E902-3FC8-488A-94DE-0C5225FBBF86}"
EndProject
Global
	GlobalSection(SolutionConfigurationPlatforms) = preSolution
		Debug|Any CPU = Debug|Any CPU
		Release|Any CPU = Release|Any CPU
	EndGlobalSection
	GlobalSection(ProjectConfigurationPlatforms) = postSolution
		{1009E902-3FC8-488A-94DE-0C5225FBBF86}.Debug|Any CPU.ActiveCfg = Debug|Any CPU
		{1009E902-3FC8-488A-94DE-0C5225FBBF86}.Debug|Any CPU.Build.0 = Debug|Any CPU
		{1009E902-3FC8-488A-94DE-0C5225FBBF86}.Release|Any CPU.ActiveCfg = Release|Any CPU
		{1009E902-3FC8-488A-94DE-0C5225FBBF86}.Release|Any CPU.Build.0 = Release|Any CPU
	EndGlobalSection
	GlobalSection(SolutionProperties) = preSolution
		HideSolutionNode = FALSE
	EndGlobalSection
	GlobalSection(ExtensibilityGlobals) = postSolution
		SolutionGuid = {4BC5B655-5856-4CDC-8288-CC597E265087}
	EndGlobalSection
EndGlobal
