
Microsoft Visual Studio Solution File, Format Version 12.00
# Visual Studio Version 17
VisualStudioVersion = 17.11.35312.102
MinimumVisualStudioVersion = 10.0.40219.1
Project("{FAE04EC0-301F-11D3-BF4B-00C04F79EFBC}") = "WPF_REPRESENTACION_DE_DATOS", "WPF_REPRESENTACION_DE_DATOS.csproj", "{9122521F-E5FE-4E55-AACB-00D9959D96DA}"
EndProject
Global
	GlobalSection(SolutionConfigurationPlatforms) = preSolution
		Debug|Any CPU = Debug|Any CPU
		Release|Any CPU = Release|Any CPU
	EndGlobalSection
	GlobalSection(ProjectConfigurationPlatforms) = postSolution
		{9122521F-E5FE-4E55-AACB-00D9959D96DA}.Debug|Any CPU.ActiveCfg = Debug|Any CPU
		{9122521F-E5FE-4E55-AACB-00D9959D96DA}.Debug|Any CPU.Build.0 = Debug|Any CPU
		{9122521F-E5FE-4E55-AACB-00D9959D96DA}.Release|Any CPU.ActiveCfg = Release|Any CPU
		{9122521F-E5FE-4E55-AACB-00D9959D96DA}.Release|Any CPU.Build.0 = Release|Any CPU
	EndGlobalSection
	GlobalSection(SolutionProperties) = preSolution
		HideSolutionNode = FALSE
	EndGlobalSection
	GlobalSection(ExtensibilityGlobals) = postSolution
		SolutionGuid = {A5EB4673-789B-4FA3-82E0-82A33CF9E84D}
	EndGlobalSection
EndGlobal
