
Microsoft Visual Studio Solution File, Format Version 12.00
# Visual Studio Version 17
VisualStudioVersion = 17.11.35312.102
MinimumVisualStudioVersion = 10.0.40219.1
Project("{FAE04EC0-301F-11D3-BF4B-00C04F79EFBC}") = "Divisores", "Divisores.csproj", "{377731F7-49E1-46A7-B6B5-F6E24AE98DDF}"
EndProject
Global
	GlobalSection(SolutionConfigurationPlatforms) = preSolution
		Debug|Any CPU = Debug|Any CPU
		Release|Any CPU = Release|Any CPU
	EndGlobalSection
	GlobalSection(ProjectConfigurationPlatforms) = postSolution
		{377731F7-49E1-46A7-B6B5-F6E24AE98DDF}.Debug|Any CPU.ActiveCfg = Debug|Any CPU
		{377731F7-49E1-46A7-B6B5-F6E24AE98DDF}.Debug|Any CPU.Build.0 = Debug|Any CPU
		{377731F7-49E1-46A7-B6B5-F6E24AE98DDF}.Release|Any CPU.ActiveCfg = Release|Any CPU
		{377731F7-49E1-46A7-B6B5-F6E24AE98DDF}.Release|Any CPU.Build.0 = Release|Any CPU
	EndGlobalSection
	GlobalSection(SolutionProperties) = preSolution
		HideSolutionNode = FALSE
	EndGlobalSection
	GlobalSection(ExtensibilityGlobals) = postSolution
		SolutionGuid = {D8F78F1F-0BA0-4B8F-9C2A-0161D733D81C}
	EndGlobalSection
EndGlobal
