
Microsoft Visual Studio Solution File, Format Version 12.00
# Visual Studio Version 17
VisualStudioVersion = 17.11.35312.102
MinimumVisualStudioVersion = 10.0.40219.1
Project("{FAE04EC0-301F-11D3-BF4B-00C04F79EFBC}") = "WPF_StatusBar", "WPF_StatusBar.csproj", "{9156A5F9-907F-4E8E-B158-4EA321A69252}"
EndProject
Global
	GlobalSection(SolutionConfigurationPlatforms) = preSolution
		Debug|Any CPU = Debug|Any CPU
		Release|Any CPU = Release|Any CPU
	EndGlobalSection
	GlobalSection(ProjectConfigurationPlatforms) = postSolution
		{9156A5F9-907F-4E8E-B158-4EA321A69252}.Debug|Any CPU.ActiveCfg = Debug|Any CPU
		{9156A5F9-907F-4E8E-B158-4EA321A69252}.Debug|Any CPU.Build.0 = Debug|Any CPU
		{9156A5F9-907F-4E8E-B158-4EA321A69252}.Release|Any CPU.ActiveCfg = Release|Any CPU
		{9156A5F9-907F-4E8E-B158-4EA321A69252}.Release|Any CPU.Build.0 = Release|Any CPU
	EndGlobalSection
	GlobalSection(SolutionProperties) = preSolution
		HideSolutionNode = FALSE
	EndGlobalSection
	GlobalSection(ExtensibilityGlobals) = postSolution
		SolutionGuid = {EED83195-ABD7-4065-8A5D-298D121005C3}
	EndGlobalSection
EndGlobal
